{
  "name": "segallio_theme",
  "version": "1.0.0",
  "lockfileVersion": 1,
  "requires": true,
  "dependencies": {
    "vue": {
      "version": "2.5.13",
      "resolved": "https://registry.npmjs.org/vue/-/vue-2.5.13.tgz",
      "integrity": "sha512-3D+lY7HTkKbtswDM4BBHgqyq+qo8IAEE8lz8va1dz3LLmttjgo0FxairO4r1iN2OBqk8o1FyL4hvzzTFEdQSEw=="
    },
    "vuejs": {
      "version": "3.0.1",
      "resolved": "https://registry.npmjs.org/vuejs/-/vuejs-3.0.1.tgz",
      "integrity": "sha512-7SBlojmqoRX8/GIyWU+4U2sZsefLY+KrD0z7F20G9xsDcQOu6vAlWOqcPAKp+Ym4u394budHBRFv8t36cPxUxg=="
    }
  }
}
